
Microsoft Visual Studio Solution File, Format Version 12.00
# Visual Studio Version 17
VisualStudioVersion = 17.5.002.0
MinimumVisualStudioVersion = 10.0.40219.1
Project("{9A19103F-16F7-4668-BE54-9A1E7A4F7556}") = "crdt-samples", "crdt-samples.csproj", "{FEED5560-207E-4433-BC91-9D3EE39FC0EF}"
EndProject
Global
	GlobalSection(SolutionConfigurationPlatforms) = preSolution
		Debug|Any CPU = Debug|Any CPU
		Release|Any CPU = Release|Any CPU
	EndGlobalSection
	GlobalSection(ProjectConfigurationPlatforms) = postSolution
		{FEED5560-207E-4433-BC91-9D3EE39FC0EF}.Debug|Any CPU.ActiveCfg = Debug|Any CPU
		{FEED5560-207E-4433-BC91-9D3EE39FC0EF}.Debug|Any CPU.Build.0 = Debug|Any CPU
		{FEED5560-207E-4433-BC91-9D3EE39FC0EF}.Release|Any CPU.ActiveCfg = Release|Any CPU
		{FEED5560-207E-4433-BC91-9D3EE39FC0EF}.Release|Any CPU.Build.0 = Release|Any CPU
	EndGlobalSection
	GlobalSection(SolutionProperties) = preSolution
		HideSolutionNode = FALSE
	EndGlobalSection
	GlobalSection(ExtensibilityGlobals) = postSolution
		SolutionGuid = {101DF94A-83A9-4E7B-A9ED-7577EBA33511}
	EndGlobalSection
EndGlobal
